
Microsoft Visual Studio Solution File, Format Version 12.00
# Visual Studio Version 17
VisualStudioVersion = 17.6.33829.357
MinimumVisualStudioVersion = 10.0.40219.1
Project("{FAE04EC0-301F-11D3-BF4B-00C04F79EFBC}") = "assignment47", "assignment47.csproj", "{7A354D47-550F-4EF1-8D77-B261B919FD1B}"
EndProject
Global
	GlobalSection(SolutionConfigurationPlatforms) = preSolution
		Debug|Any CPU = Debug|Any CPU
		Release|Any CPU = Release|Any CPU
	EndGlobalSection
	GlobalSection(ProjectConfigurationPlatforms) = postSolution
		{7A354D47-550F-4EF1-8D77-B261B919FD1B}.Debug|Any CPU.ActiveCfg = Debug|Any CPU
		{7A354D47-550F-4EF1-8D77-B261B919FD1B}.Debug|Any CPU.Build.0 = Debug|Any CPU
		{7A354D47-550F-4EF1-8D77-B261B919FD1B}.Release|Any CPU.ActiveCfg = Release|Any CPU
		{7A354D47-550F-4EF1-8D77-B261B919FD1B}.Release|Any CPU.Build.0 = Release|Any CPU
	EndGlobalSection
	GlobalSection(SolutionProperties) = preSolution
		HideSolutionNode = FALSE
	EndGlobalSection
	GlobalSection(ExtensibilityGlobals) = postSolution
		SolutionGuid = {6FAB17ED-82E3-41DB-82B6-6F0508D2E84E}
	EndGlobalSection
EndGlobal
